
Microsoft Visual Studio Solution File, Format Version 12.00
# Visual Studio Version 16
VisualStudioVersion = 16.0.30611.23
MinimumVisualStudioVersion = 10.0.40219.1
Project("{FAE04EC0-301F-11D3-BF4B-00C04F79EFBC}") = "CRM", "CRM\CRM.csproj", "{DFCE0B50-AECC-4394-830C-5F6A800EB8A3}"
EndProject
Global
	GlobalSection(SolutionConfigurationPlatforms) = preSolution
		Debug|Any CPU = Debug|Any CPU
		Release|Any CPU = Release|Any CPU
	EndGlobalSection
	GlobalSection(ProjectConfigurationPlatforms) = postSolution
		{DFCE0B50-AECC-4394-830C-5F6A800EB8A3}.Debug|Any CPU.ActiveCfg = Debug|Any CPU
		{DFCE0B50-AECC-4394-830C-5F6A800EB8A3}.Debug|Any CPU.Build.0 = Debug|Any CPU
		{DFCE0B50-AECC-4394-830C-5F6A800EB8A3}.Release|Any CPU.ActiveCfg = Release|Any CPU
		{DFCE0B50-AECC-4394-830C-5F6A800EB8A3}.Release|Any CPU.Build.0 = Release|Any CPU
	EndGlobalSection
	GlobalSection(SolutionProperties) = preSolution
		HideSolutionNode = FALSE
	EndGlobalSection
	GlobalSection(ExtensibilityGlobals) = postSolution
		SolutionGuid = {F6F0B0DC-23B5-4A60-83BA-AE9B30E4955F}
	EndGlobalSection
EndGlobal
